
Microsoft Visual Studio Solution File, Format Version 12.00
# Visual Studio Version 16
VisualStudioVersion = 16.0.30204.135
MinimumVisualStudioVersion = 10.0.40219.1
Project("{FAE04EC0-301F-11D3-BF4B-00C04F79EFBC}") = "SetTypes", "SetTypes.csproj", "{8B958E97-A1E2-4F3A-B012-64214E01B69B}"
EndProject
Global
	GlobalSection(SolutionConfigurationPlatforms) = preSolution
		Debug|Any CPU = Debug|Any CPU
		Release|Any CPU = Release|Any CPU
	EndGlobalSection
	GlobalSection(ProjectConfigurationPlatforms) = postSolution
		{8B958E97-A1E2-4F3A-B012-64214E01B69B}.Debug|Any CPU.ActiveCfg = Debug|Any CPU
		{8B958E97-A1E2-4F3A-B012-64214E01B69B}.Debug|Any CPU.Build.0 = Debug|Any CPU
		{8B958E97-A1E2-4F3A-B012-64214E01B69B}.Release|Any CPU.ActiveCfg = Release|Any CPU
		{8B958E97-A1E2-4F3A-B012-64214E01B69B}.Release|Any CPU.Build.0 = Release|Any CPU
	EndGlobalSection
	GlobalSection(SolutionProperties) = preSolution
		HideSolutionNode = FALSE
	EndGlobalSection
	GlobalSection(ExtensibilityGlobals) = postSolution
		SolutionGuid = {B1B12F57-22FC-40C2-BAFE-BAA2C8EBABE0}
	EndGlobalSection
EndGlobal
